{
  "originHash" : "228fbef389ec8dc97b37128701c6c475e2472399d6fcff28ddd157c8b5c33e73",
  "pins" : [
    {
      "identity" : "swiftchameleon",
      "kind" : "remoteSourceControl",
      "location" : "https://github.com/simon-zwicker/SwiftChameleon.git",
      "state" : {
        "branch" : "main",
        "revision" : "303d06041a038c5d1be4d268ab23a9b0bde95795"
      }
    }
  ],
  "version" : 3
}
