{
  "originHash" : "2e583f3e4e046d9cd1e0ad31cc2df03e5f5622f21fa353c03ea6d83a3512c68d",
  "pins" : [
    {
      "identity" : "swiftchameleon",
      "kind" : "remoteSourceControl",
      "location" : "https://github.com/simon-zwicker/SwiftChameleon.git",
      "state" : {
        "branch" : "main",
        "revision" : "303d06041a038c5d1be4d268ab23a9b0bde95795"
      }
    }
  ],
  "version" : 3
}
